Microsoft Visual Studio Solution File, Format Version 12.00
# Visual Studio 2012
Project("{FAE04EC0-301F-11D3-BF4B-00C04F79EFBC}") = "2026-yotf", "2026-yotf.csproj", "{648337CA-A0F0-4E66-B302-C8197AD06617}"
EndProject
Global
	GlobalSection(SolutionConfigurationPlatforms) = preSolution
	Debug|Any CPU = Debug|Any CPU
	ExportDebug|Any CPU = ExportDebug|Any CPU
	ExportRelease|Any CPU = ExportRelease|Any CPU
	EndGlobalSection
	GlobalSection(ProjectConfigurationPlatforms) = postSolution
		{648337CA-A0F0-4E66-B302-C8197AD06617}.Debug|Any CPU.ActiveCfg = Debug|Any CPU
		{648337CA-A0F0-4E66-B302-C8197AD06617}.Debug|Any CPU.Build.0 = Debug|Any CPU
		{648337CA-A0F0-4E66-B302-C8197AD06617}.ExportDebug|Any CPU.ActiveCfg = ExportDebug|Any CPU
		{648337CA-A0F0-4E66-B302-C8197AD06617}.ExportDebug|Any CPU.Build.0 = ExportDebug|Any CPU
		{648337CA-A0F0-4E66-B302-C8197AD06617}.ExportRelease|Any CPU.ActiveCfg = ExportRelease|Any CPU
		{648337CA-A0F0-4E66-B302-C8197AD06617}.ExportRelease|Any CPU.Build.0 = ExportRelease|Any CPU
	EndGlobalSection
EndGlobal
